
Microsoft Visual Studio Solution File, Format Version 11.00
# Visual Studio 2010
Project("{F184B08F-C81C-45F6-A57F-5ABD9991F28F}") = "DeckRandomizer", "DeckRandomizer\DeckRandomizer.vbproj", "{46497BE5-A6E0-405C-BE72-AEE553F3A0E4}"
	ProjectSection(ProjectDependencies) = postProject
		{412B5ED5-EE19-4759-94BF-30D79C006782} = {412B5ED5-EE19-4759-94BF-30D79C006782}
	EndProjectSection
EndProject
Project("{F184B08F-C81C-45F6-A57F-5ABD9991F28F}") = "SampleApp", "SampleApp\SampleApp.vbproj", "{2BC0338E-F60B-4ED6-A443-E3EB776BC4F6}"
	ProjectSection(ProjectDependencies) = postProject
		{46497BE5-A6E0-405C-BE72-AEE553F3A0E4} = {46497BE5-A6E0-405C-BE72-AEE553F3A0E4}
	EndProjectSection
EndProject
Project("{F184B08F-C81C-45F6-A57F-5ABD9991F28F}") = "MersenneTwister", "MersenneTwister\MersenneTwister.vbproj", "{412B5ED5-EE19-4759-94BF-30D79C006782}"
EndProject
Global
	GlobalSection(SolutionConfigurationPlatforms) = preSolution
		Debug|Any CPU = Debug|Any CPU
		Debug|Mixed Platforms = Debug|Mixed Platforms
		Debug|x86 = Debug|x86
		Release|Any CPU = Release|Any CPU
		Release|Mixed Platforms = Release|Mixed Platforms
		Release|x86 = Release|x86
	EndGlobalSection
	GlobalSection(ProjectConfigurationPlatforms) = postSolution
		{46497BE5-A6E0-405C-BE72-AEE553F3A0E4}.Debug|Any CPU.ActiveCfg = Debug|Any CPU
		{46497BE5-A6E0-405C-BE72-AEE553F3A0E4}.Debug|Any CPU.Build.0 = Debug|Any CPU
		{46497BE5-A6E0-405C-BE72-AEE553F3A0E4}.Debug|Mixed Platforms.ActiveCfg = Debug|Any CPU
		{46497BE5-A6E0-405C-BE72-AEE553F3A0E4}.Debug|Mixed Platforms.Build.0 = Debug|Any CPU
		{46497BE5-A6E0-405C-BE72-AEE553F3A0E4}.Debug|x86.ActiveCfg = Debug|Any CPU
		{46497BE5-A6E0-405C-BE72-AEE553F3A0E4}.Release|Any CPU.ActiveCfg = Release|Any CPU
		{46497BE5-A6E0-405C-BE72-AEE553F3A0E4}.Release|Any CPU.Build.0 = Release|Any CPU
		{46497BE5-A6E0-405C-BE72-AEE553F3A0E4}.Release|Mixed Platforms.ActiveCfg = Release|Any CPU
		{46497BE5-A6E0-405C-BE72-AEE553F3A0E4}.Release|Mixed Platforms.Build.0 = Release|Any CPU
		{46497BE5-A6E0-405C-BE72-AEE553F3A0E4}.Release|x86.ActiveCfg = Release|Any CPU
		{2BC0338E-F60B-4ED6-A443-E3EB776BC4F6}.Debug|Any CPU.ActiveCfg = Debug|x86
		{2BC0338E-F60B-4ED6-A443-E3EB776BC4F6}.Debug|Mixed Platforms.ActiveCfg = Debug|x86
		{2BC0338E-F60B-4ED6-A443-E3EB776BC4F6}.Debug|Mixed Platforms.Build.0 = Debug|x86
		{2BC0338E-F60B-4ED6-A443-E3EB776BC4F6}.Debug|x86.ActiveCfg = Debug|x86
		{2BC0338E-F60B-4ED6-A443-E3EB776BC4F6}.Debug|x86.Build.0 = Debug|x86
		{2BC0338E-F60B-4ED6-A443-E3EB776BC4F6}.Release|Any CPU.ActiveCfg = Release|x86
		{2BC0338E-F60B-4ED6-A443-E3EB776BC4F6}.Release|Mixed Platforms.ActiveCfg = Release|x86
		{2BC0338E-F60B-4ED6-A443-E3EB776BC4F6}.Release|Mixed Platforms.Build.0 = Release|x86
		{2BC0338E-F60B-4ED6-A443-E3EB776BC4F6}.Release|x86.ActiveCfg = Release|x86
		{2BC0338E-F60B-4ED6-A443-E3EB776BC4F6}.Release|x86.Build.0 = Release|x86
		{412B5ED5-EE19-4759-94BF-30D79C006782}.Debug|Any CPU.ActiveCfg = Debug|Any CPU
		{412B5ED5-EE19-4759-94BF-30D79C006782}.Debug|Any CPU.Build.0 = Debug|Any CPU
		{412B5ED5-EE19-4759-94BF-30D79C006782}.Debug|Mixed Platforms.ActiveCfg = Debug|Any CPU
		{412B5ED5-EE19-4759-94BF-30D79C006782}.Debug|Mixed Platforms.Build.0 = Debug|Any CPU
		{412B5ED5-EE19-4759-94BF-30D79C006782}.Debug|x86.ActiveCfg = Debug|Any CPU
		{412B5ED5-EE19-4759-94BF-30D79C006782}.Release|Any CPU.ActiveCfg = Release|Any CPU
		{412B5ED5-EE19-4759-94BF-30D79C006782}.Release|Any CPU.Build.0 = Release|Any CPU
		{412B5ED5-EE19-4759-94BF-30D79C006782}.Release|Mixed Platforms.ActiveCfg = Release|Any CPU
		{412B5ED5-EE19-4759-94BF-30D79C006782}.Release|Mixed Platforms.Build.0 = Release|Any CPU
		{412B5ED5-EE19-4759-94BF-30D79C006782}.Release|x86.ActiveCfg = Release|Any CPU
	EndGlobalSection
	GlobalSection(SolutionProperties) = preSolution
		HideSolutionNode = FALSE
	EndGlobalSection
EndGlobal
